
Microsoft Visual Studio Solution File, Format Version 12.00
# Visual Studio Version 17
VisualStudioVersion = 17.4.33122.133
MinimumVisualStudioVersion = 10.0.40219.1
Project("{FAE04EC0-301F-11D3-BF4B-00C04F79EFBC}") = "LaboratioDeConsola", "LaboratioDeConsola\LaboratioDeConsola.csproj", "{5BF43DB6-2A81-4DD0-BDCA-27316708F7E2}"
EndProject
Global
	GlobalSection(SolutionConfigurationPlatforms) = preSolution
		Debug|Any CPU = Debug|Any CPU
		Release|Any CPU = Release|Any CPU
	EndGlobalSection
	GlobalSection(ProjectConfigurationPlatforms) = postSolution
		{5BF43DB6-2A81-4DD0-BDCA-27316708F7E2}.Debug|Any CPU.ActiveCfg = Debug|Any CPU
		{5BF43DB6-2A81-4DD0-BDCA-27316708F7E2}.Debug|Any CPU.Build.0 = Debug|Any CPU
		{5BF43DB6-2A81-4DD0-BDCA-27316708F7E2}.Release|Any CPU.ActiveCfg = Release|Any CPU
		{5BF43DB6-2A81-4DD0-BDCA-27316708F7E2}.Release|Any CPU.Build.0 = Release|Any CPU
	EndGlobalSection
	GlobalSection(SolutionProperties) = preSolution
		HideSolutionNode = FALSE
	EndGlobalSection
	GlobalSection(ExtensibilityGlobals) = postSolution
		SolutionGuid = {53652564-148F-48D2-9C15-FD1E2EAADD61}
	EndGlobalSection
EndGlobal
